
Microsoft Visual Studio Solution File, Format Version 12.00
# Visual Studio Version 16
VisualStudioVersion = 16.0.31321.278
MinimumVisualStudioVersion = 10.0.40219.1
Project("{FAE04EC0-301F-11D3-BF4B-00C04F79EFBC}") = "swaptwonosusingtempvariable", "swaptwonosusingtempvariable\swaptwonosusingtempvariable.csproj", "{8DEDDD48-17A0-4B5E-A9A0-50F22AF093B0}"
EndProject
Global
	GlobalSection(SolutionConfigurationPlatforms) = preSolution
		Debug|Any CPU = Debug|Any CPU
		Release|Any CPU = Release|Any CPU
	EndGlobalSection
	GlobalSection(ProjectConfigurationPlatforms) = postSolution
		{8DEDDD48-17A0-4B5E-A9A0-50F22AF093B0}.Debug|Any CPU.ActiveCfg = Debug|Any CPU
		{8DEDDD48-17A0-4B5E-A9A0-50F22AF093B0}.Debug|Any CPU.Build.0 = Debug|Any CPU
		{8DEDDD48-17A0-4B5E-A9A0-50F22AF093B0}.Release|Any CPU.ActiveCfg = Release|Any CPU
		{8DEDDD48-17A0-4B5E-A9A0-50F22AF093B0}.Release|Any CPU.Build.0 = Release|Any CPU
	EndGlobalSection
	GlobalSection(SolutionProperties) = preSolution
		HideSolutionNode = FALSE
	EndGlobalSection
	GlobalSection(ExtensibilityGlobals) = postSolution
		SolutionGuid = {53DE7C63-6DAE-48E9-AF93-F9224ED09B32}
	EndGlobalSection
EndGlobal
